
Microsoft Visual Studio Solution File, Format Version 12.00
# Visual Studio 15
VisualStudioVersion = 15.0.27428.1
MinimumVisualStudioVersion = 10.0.40219.1
Project("{FAE04EC0-301F-11D3-BF4B-00C04F79EFBC}") = "Lands.Android", "Lands\Lands.Android\Lands.Android.csproj", "{308CD5AD-DE20-4B5B-BFCB-557FDA2113DC}"
EndProject
Project("{FAE04EC0-301F-11D3-BF4B-00C04F79EFBC}") = "Lands.iOS", "Lands\Lands.iOS\Lands.iOS.csproj", "{19BC4753-FF13-45B4-BE3F-403076D21D65}"
EndProject
Project("{FAE04EC0-301F-11D3-BF4B-00C04F79EFBC}") = "Lands.UWP", "Lands\Lands.UWP\Lands.UWP.csproj", "{C387BE9C-70EA-430D-8639-DEAAADE79C32}"
EndProject
Project("{FAE04EC0-301F-11D3-BF4B-00C04F79EFBC}") = "Lands", "Lands\Lands\Lands.csproj", "{A937766C-2738-4E80-BB5A-8152F982E006}"
EndProject
Global
	GlobalSection(SolutionConfigurationPlatforms) = preSolution
		Ad-Hoc|Any CPU = Ad-Hoc|Any CPU
		Ad-Hoc|ARM = Ad-Hoc|ARM
		Ad-Hoc|iPhone = Ad-Hoc|iPhone
		Ad-Hoc|iPhoneSimulator = Ad-Hoc|iPhoneSimulator
		Ad-Hoc|x64 = Ad-Hoc|x64
		Ad-Hoc|x86 = Ad-Hoc|x86
		AppStore|Any CPU = AppStore|Any CPU
		AppStore|ARM = AppStore|ARM
		AppStore|iPhone = AppStore|iPhone
		AppStore|iPhoneSimulator = AppStore|iPhoneSimulator
		AppStore|x64 = AppStore|x64
		AppStore|x86 = AppStore|x86
		Debug|Any CPU = Debug|Any CPU
		Debug|ARM = Debug|ARM
		Debug|iPhone = Debug|iPhone
		Debug|iPhoneSimulator = Debug|iPhoneSimulator
		Debug|x64 = Debug|x64
		Debug|x86 = Debug|x86
		Release|Any CPU = Release|Any CPU
		Release|ARM = Release|ARM
		Release|iPhone = Release|iPhone
		Release|iPhoneSimulator = Release|iPhoneSimulator
		Release|x64 = Release|x64
		Release|x86 = Release|x86
	EndGlobalSection
	GlobalSection(ProjectConfigurationPlatforms) = postSolution
		{308CD5AD-DE20-4B5B-BFCB-557FDA2113DC}.Ad-Hoc|Any CPU.ActiveCfg = Release|Any CPU
		{308CD5AD-DE20-4B5B-BFCB-557FDA2113DC}.Ad-Hoc|Any CPU.Build.0 = Release|Any CPU
		{308CD5AD-DE20-4B5B-BFCB-557FDA2113DC}.Ad-Hoc|Any CPU.Deploy.0 = Release|Any CPU
		{308CD5AD-DE20-4B5B-BFCB-557FDA2113DC}.Ad-Hoc|ARM.ActiveCfg = Release|Any CPU
		{308CD5AD-DE20-4B5B-BFCB-557FDA2113DC}.Ad-Hoc|ARM.Build.0 = Release|Any CPU
		{308CD5AD-DE20-4B5B-BFCB-557FDA2113DC}.Ad-Hoc|ARM.Deploy.0 = Release|Any CPU
		{308CD5AD-DE20-4B5B-BFCB-557FDA2113DC}.Ad-Hoc|iPhone.ActiveCfg = Release|Any CPU
		{308CD5AD-DE20-4B5B-BFCB-557FDA2113DC}.Ad-Hoc|iPhone.Build.0 = Release|Any CPU
		{308CD5AD-DE20-4B5B-BFCB-557FDA2113DC}.Ad-Hoc|iPhone.Deploy.0 = Release|Any CPU
		{308CD5AD-DE20-4B5B-BFCB-557FDA2113DC}.Ad-Hoc|iPhoneSimulator.ActiveCfg = Release|Any CPU
		{308CD5AD-DE20-4B5B-BFCB-557FDA2113DC}.Ad-Hoc|iPhoneSimulator.Build.0 = Release|Any CPU
		{308CD5AD-DE20-4B5B-BFCB-557FDA2113DC}.Ad-Hoc|iPhoneSimulator.Deploy.0 = Release|Any CPU
		{308CD5AD-DE20-4B5B-BFCB-557FDA2113DC}.Ad-Hoc|x64.ActiveCfg = Release|Any CPU
		{308CD5AD-DE20-4B5B-BFCB-557FDA2113DC}.Ad-Hoc|x64.Build.0 = Release|Any CPU
		{308CD5AD-DE20-4B5B-BFCB-557FDA2113DC}.Ad-Hoc|x64.Deploy.0 = Release|Any CPU
		{308CD5AD-DE20-4B5B-BFCB-557FDA2113DC}.Ad-Hoc|x86.ActiveCfg = Release|Any CPU
		{308CD5AD-DE20-4B5B-BFCB-557FDA2113DC}.Ad-Hoc|x86.Build.0 = Release|Any CPU
		{308CD5AD-DE20-4B5B-BFCB-557FDA2113DC}.Ad-Hoc|x86.Deploy.0 = Release|Any CPU
		{308CD5AD-DE20-4B5B-BFCB-557FDA2113DC}.AppStore|Any CPU.ActiveCfg = Release|Any CPU
		{308CD5AD-DE20-4B5B-BFCB-557FDA2113DC}.AppStore|Any CPU.Build.0 = Release|Any CPU
		{308CD5AD-DE20-4B5B-BFCB-557FDA2113DC}.AppStore|Any CPU.Deploy.0 = Release|Any CPU
		{308CD5AD-DE20-4B5B-BFCB-557FDA2113DC}.AppStore|ARM.ActiveCfg = Release|Any CPU
		{308CD5AD-DE20-4B5B-BFCB-557FDA2113DC}.AppStore|ARM.Build.0 = Release|Any CPU
		{308CD5AD-DE20-4B5B-BFCB-557FDA2113DC}.AppStore|ARM.Deploy.0 = Release|Any CPU
		{308CD5AD-DE20-4B5B-BFCB-557FDA2113DC}.AppStore|iPhone.ActiveCfg = Release|Any CPU
		{308CD5AD-DE20-4B5B-BFCB-557FDA2113DC}.AppStore|iPhone.Build.0 = Release|Any CPU
		{308CD5AD-DE20-4B5B-BFCB-557FDA2113DC}.AppStore|iPhone.Deploy.0 = Release|Any CPU
		{308CD5AD-DE20-4B5B-BFCB-557FDA2113DC}.AppStore|iPhoneSimulator.ActiveCfg = Release|Any CPU
		{308CD5AD-DE20-4B5B-BFCB-557FDA2113DC}.AppStore|iPhoneSimulator.Build.0 = Release|Any CPU
		{308CD5AD-DE20-4B5B-BFCB-557FDA2113DC}.AppStore|iPhoneSimulator.Deploy.0 = Release|Any CPU
		{308CD5AD-DE20-4B5B-BFCB-557FDA2113DC}.AppStore|x64.ActiveCfg = Release|Any CPU
		{308CD5AD-DE20-4B5B-BFCB-557FDA2113DC}.AppStore|x64.Build.0 = Release|Any CPU
		{308CD5AD-DE20-4B5B-BFCB-557FDA2113DC}.AppStore|x64.Deploy.0 = Release|Any CPU
		{308CD5AD-DE20-4B5B-BFCB-557FDA2113DC}.AppStore|x86.ActiveCfg = Release|Any CPU
		{308CD5AD-DE20-4B5B-BFCB-557FDA2113DC}.AppStore|x86.Build.0 = Release|Any CPU
		{308CD5AD-DE20-4B5B-BFCB-557FDA2113DC}.AppStore|x86.Deploy.0 = Release|Any CPU
		{308CD5AD-DE20-4B5B-BFCB-557FDA2113DC}.Debug|Any CPU.ActiveCfg = Debug|Any CPU
		{308CD5AD-DE20-4B5B-BFCB-557FDA2113DC}.Debug|Any CPU.Build.0 = Debug|Any CPU
		{308CD5AD-DE20-4B5B-BFCB-557FDA2113DC}.Debug|Any CPU.Deploy.0 = Debug|Any CPU
		{308CD5AD-DE20-4B5B-BFCB-557FDA2113DC}.Debug|ARM.ActiveCfg = Debug|Any CPU
		{308CD5AD-DE20-4B5B-BFCB-557FDA2113DC}.Debug|ARM.Build.0 = Debug|Any CPU
		{308CD5AD-DE20-4B5B-BFCB-557FDA2113DC}.Debug|ARM.Deploy.0 = Debug|Any CPU
		{308CD5AD-DE20-4B5B-BFCB-557FDA2113DC}.Debug|iPhone.ActiveCfg = Debug|Any CPU
		{308CD5AD-DE20-4B5B-BFCB-557FDA2113DC}.Debug|iPhone.Build.0 = Debug|Any CPU
		{308CD5AD-DE20-4B5B-BFCB-557FDA2113DC}.Debug|iPhone.Deploy.0 = Debug|Any CPU
		{308CD5AD-DE20-4B5B-BFCB-557FDA2113DC}.Debug|iPhoneSimulator.ActiveCfg = Debug|Any CPU
		{308CD5AD-DE20-4B5B-BFCB-557FDA2113DC}.Debug|iPhoneSimulator.Build.0 = Debug|Any CPU
		{308CD5AD-DE20-4B5B-BFCB-557FDA2113DC}.Debug|iPhoneSimulator.Deploy.0 = Debug|Any CPU
		{308CD5AD-DE20-4B5B-BFCB-557FDA2113DC}.Debug|x64.ActiveCfg = Debug|Any CPU
		{308CD5AD-DE20-4B5B-BFCB-557FDA2113DC}.Debug|x64.Build.0 = Debug|Any CPU
		{308CD5AD-DE20-4B5B-BFCB-557FDA2113DC}.Debug|x64.Deploy.0 = Debug|Any CPU
		{308CD5AD-DE20-4B5B-BFCB-557FDA2113DC}.Debug|x86.ActiveCfg = Debug|Any CPU
		{308CD5AD-DE20-4B5B-BFCB-557FDA2113DC}.Debug|x86.Build.0 = Debug|Any CPU
		{308CD5AD-DE20-4B5B-BFCB-557FDA2113DC}.Debug|x86.Deploy.0 = Debug|Any CPU
		{308CD5AD-DE20-4B5B-BFCB-557FDA2113DC}.Release|Any CPU.ActiveCfg = Release|Any CPU
		{308CD5AD-DE20-4B5B-BFCB-557FDA2113DC}.Release|Any CPU.Build.0 = Release|Any CPU
		{308CD5AD-DE20-4B5B-BFCB-557FDA2113DC}.Release|Any CPU.Deploy.0 = Release|Any CPU
		{308CD5AD-DE20-4B5B-BFCB-557FDA2113DC}.Release|ARM.ActiveCfg = Release|Any CPU
		{308CD5AD-DE20-4B5B-BFCB-557FDA2113DC}.Release|ARM.Build.0 = Release|Any CPU
		{308CD5AD-DE20-4B5B-BFCB-557FDA2113DC}.Release|ARM.Deploy.0 = Release|Any CPU
		{308CD5AD-DE20-4B5B-BFCB-557FDA2113DC}.Release|iPhone.ActiveCfg = Release|Any CPU
		{308CD5AD-DE20-4B5B-BFCB-557FDA2113DC}.Release|iPhone.Build.0 = Release|Any CPU
		{308CD5AD-DE20-4B5B-BFCB-557FDA2113DC}.Release|iPhone.Deploy.0 = Release|Any CPU
		{308CD5AD-DE20-4B5B-BFCB-557FDA2113DC}.Release|iPhoneSimulator.ActiveCfg = Release|Any CPU
		{308CD5AD-DE20-4B5B-BFCB-557FDA2113DC}.Release|iPhoneSimulator.Build.0 = Release|Any CPU
		{308CD5AD-DE20-4B5B-BFCB-557FDA2113DC}.Release|iPhoneSimulator.Deploy.0 = Release|Any CPU
		{308CD5AD-DE20-4B5B-BFCB-557FDA2113DC}.Release|x64.ActiveCfg = Release|Any CPU
		{308CD5AD-DE20-4B5B-BFCB-557FDA2113DC}.Release|x64.Build.0 = Release|Any CPU
		{308CD5AD-DE20-4B5B-BFCB-557FDA2113DC}.Release|x64.Deploy.0 = Release|Any CPU
		{308CD5AD-DE20-4B5B-BFCB-557FDA2113DC}.Release|x86.ActiveCfg = Release|Any CPU
		{308CD5AD-DE20-4B5B-BFCB-557FDA2113DC}.Release|x86.Build.0 = Release|Any CPU
		{308CD5AD-DE20-4B5B-BFCB-557FDA2113DC}.Release|x86.Deploy.0 = Release|Any CPU
		{19BC4753-FF13-45B4-BE3F-403076D21D65}.Ad-Hoc|Any CPU.ActiveCfg = Ad-Hoc|iPhone
		{19BC4753-FF13-45B4-BE3F-403076D21D65}.Ad-Hoc|ARM.ActiveCfg = Ad-Hoc|iPhone
		{19BC4753-FF13-45B4-BE3F-403076D21D65}.Ad-Hoc|iPhone.ActiveCfg = Ad-Hoc|iPhone
		{19BC4753-FF13-45B4-BE3F-403076D21D65}.Ad-Hoc|iPhone.Build.0 = Ad-Hoc|iPhone
		{19BC4753-FF13-45B4-BE3F-403076D21D65}.Ad-Hoc|iPhoneSimulator.ActiveCfg = Ad-Hoc|iPhoneSimulator
		{19BC4753-FF13-45B4-BE3F-403076D21D65}.Ad-Hoc|iPhoneSimulator.Build.0 = Ad-Hoc|iPhoneSimulator
		{19BC4753-FF13-45B4-BE3F-403076D21D65}.Ad-Hoc|x64.ActiveCfg = Ad-Hoc|iPhone
		{19BC4753-FF13-45B4-BE3F-403076D21D65}.Ad-Hoc|x86.ActiveCfg = Ad-Hoc|iPhone
		{19BC4753-FF13-45B4-BE3F-403076D21D65}.AppStore|Any CPU.ActiveCfg = AppStore|iPhone
		{19BC4753-FF13-45B4-BE3F-403076D21D65}.AppStore|ARM.ActiveCfg = AppStore|iPhone
		{19BC4753-FF13-45B4-BE3F-403076D21D65}.AppStore|iPhone.ActiveCfg = AppStore|iPhone
		{19BC4753-FF13-45B4-BE3F-403076D21D65}.AppStore|iPhone.Build.0 = AppStore|iPhone
		{19BC4753-FF13-45B4-BE3F-403076D21D65}.AppStore|iPhoneSimulator.ActiveCfg = AppStore|iPhoneSimulator
		{19BC4753-FF13-45B4-BE3F-403076D21D65}.AppStore|iPhoneSimulator.Build.0 = AppStore|iPhoneSimulator
		{19BC4753-FF13-45B4-BE3F-403076D21D65}.AppStore|x64.ActiveCfg = AppStore|iPhone
		{19BC4753-FF13-45B4-BE3F-403076D21D65}.AppStore|x86.ActiveCfg = AppStore|iPhone
		{19BC4753-FF13-45B4-BE3F-403076D21D65}.Debug|Any CPU.ActiveCfg = Debug|iPhone
		{19BC4753-FF13-45B4-BE3F-403076D21D65}.Debug|ARM.ActiveCfg = Debug|iPhone
		{19BC4753-FF13-45B4-BE3F-403076D21D65}.Debug|iPhone.ActiveCfg = Debug|iPhone
		{19BC4753-FF13-45B4-BE3F-403076D21D65}.Debug|iPhone.Build.0 = Debug|iPhone
		{19BC4753-FF13-45B4-BE3F-403076D21D65}.Debug|iPhoneSimulator.ActiveCfg = Debug|iPhoneSimulator
		{19BC4753-FF13-45B4-BE3F-403076D21D65}.Debug|iPhoneSimulator.Build.0 = Debug|iPhoneSimulator
		{19BC4753-FF13-45B4-BE3F-403076D21D65}.Debug|x64.ActiveCfg = Debug|iPhone
		{19BC4753-FF13-45B4-BE3F-403076D21D65}.Debug|x86.ActiveCfg = Debug|iPhone
		{19BC4753-FF13-45B4-BE3F-403076D21D65}.Release|Any CPU.ActiveCfg = Release|iPhone
		{19BC4753-FF13-45B4-BE3F-403076D21D65}.Release|ARM.ActiveCfg = Release|iPhone
		{19BC4753-FF13-45B4-BE3F-403076D21D65}.Release|iPhone.ActiveCfg = Release|iPhone
		{19BC4753-FF13-45B4-BE3F-403076D21D65}.Release|iPhone.Build.0 = Release|iPhone
		{19BC4753-FF13-45B4-BE3F-403076D21D65}.Release|iPhoneSimulator.ActiveCfg = Release|iPhoneSimulator
		{19BC4753-FF13-45B4-BE3F-403076D21D65}.Release|iPhoneSimulator.Build.0 = Release|iPhoneSimulator
		{19BC4753-FF13-45B4-BE3F-403076D21D65}.Release|x64.ActiveCfg = Release|iPhone
		{19BC4753-FF13-45B4-BE3F-403076D21D65}.Release|x86.ActiveCfg = Release|iPhone
		{C387BE9C-70EA-430D-8639-DEAAADE79C32}.Ad-Hoc|Any CPU.ActiveCfg = Release|x86
		{C387BE9C-70EA-430D-8639-DEAAADE79C32}.Ad-Hoc|Any CPU.Build.0 = Release|x86
		{C387BE9C-70EA-430D-8639-DEAAADE79C32}.Ad-Hoc|Any CPU.Deploy.0 = Release|x86
		{C387BE9C-70EA-430D-8639-DEAAADE79C32}.Ad-Hoc|ARM.ActiveCfg = Release|ARM
		{C387BE9C-70EA-430D-8639-DEAAADE79C32}.Ad-Hoc|ARM.Build.0 = Release|ARM
		{C387BE9C-70EA-430D-8639-DEAAADE79C32}.Ad-Hoc|ARM.Deploy.0 = Release|ARM
		{C387BE9C-70EA-430D-8639-DEAAADE79C32}.Ad-Hoc|iPhone.ActiveCfg = Release|x86
		{C387BE9C-70EA-430D-8639-DEAAADE79C32}.Ad-Hoc|iPhone.Build.0 = Release|x86
		{C387BE9C-70EA-430D-8639-DEAAADE79C32}.Ad-Hoc|iPhone.Deploy.0 = Release|x86
		{C387BE9C-70EA-430D-8639-DEAAADE79C32}.Ad-Hoc|iPhoneSimulator.ActiveCfg = Release|x86
		{C387BE9C-70EA-430D-8639-DEAAADE79C32}.Ad-Hoc|iPhoneSimulator.Build.0 = Release|x86
		{C387BE9C-70EA-430D-8639-DEAAADE79C32}.Ad-Hoc|iPhoneSimulator.Deploy.0 = Release|x86
		{C387BE9C-70EA-430D-8639-DEAAADE79C32}.Ad-Hoc|x64.ActiveCfg = Release|x64
		{C387BE9C-70EA-430D-8639-DEAAADE79C32}.Ad-Hoc|x64.Build.0 = Release|x64
		{C387BE9C-70EA-430D-8639-DEAAADE79C32}.Ad-Hoc|x64.Deploy.0 = Release|x64
		{C387BE9C-70EA-430D-8639-DEAAADE79C32}.Ad-Hoc|x86.ActiveCfg = Release|x86
		{C387BE9C-70EA-430D-8639-DEAAADE79C32}.Ad-Hoc|x86.Build.0 = Release|x86
		{C387BE9C-70EA-430D-8639-DEAAADE79C32}.Ad-Hoc|x86.Deploy.0 = Release|x86
		{C387BE9C-70EA-430D-8639-DEAAADE79C32}.AppStore|Any CPU.ActiveCfg = Release|x86
		{C387BE9C-70EA-430D-8639-DEAAADE79C32}.AppStore|Any CPU.Build.0 = Release|x86
		{C387BE9C-70EA-430D-8639-DEAAADE79C32}.AppStore|Any CPU.Deploy.0 = Release|x86
		{C387BE9C-70EA-430D-8639-DEAAADE79C32}.AppStore|ARM.ActiveCfg = Release|ARM
		{C387BE9C-70EA-430D-8639-DEAAADE79C32}.AppStore|ARM.Build.0 = Release|ARM
		{C387BE9C-70EA-430D-8639-DEAAADE79C32}.AppStore|ARM.Deploy.0 = Release|ARM
		{C387BE9C-70EA-430D-8639-DEAAADE79C32}.AppStore|iPhone.ActiveCfg = Release|x86
		{C387BE9C-70EA-430D-8639-DEAAADE79C32}.AppStore|iPhone.Build.0 = Release|x86
		{C387BE9C-70EA-430D-8639-DEAAADE79C32}.AppStore|iPhone.Deploy.0 = Release|x86
		{C387BE9C-70EA-430D-8639-DEAAADE79C32}.AppStore|iPhoneSimulator.ActiveCfg = Release|x86
		{C387BE9C-70EA-430D-8639-DEAAADE79C32}.AppStore|iPhoneSimulator.Build.0 = Release|x86
		{C387BE9C-70EA-430D-8639-DEAAADE79C32}.AppStore|iPhoneSimulator.Deploy.0 = Release|x86
		{C387BE9C-70EA-430D-8639-DEAAADE79C32}.AppStore|x64.ActiveCfg = Release|x64
		{C387BE9C-70EA-430D-8639-DEAAADE79C32}.AppStore|x64.Build.0 = Release|x64
		{C387BE9C-70EA-430D-8639-DEAAADE79C32}.AppStore|x64.Deploy.0 = Release|x64
		{C387BE9C-70EA-430D-8639-DEAAADE79C32}.AppStore|x86.ActiveCfg = Release|x86
		{C387BE9C-70EA-430D-8639-DEAAADE79C32}.AppStore|x86.Build.0 = Release|x86
		{C387BE9C-70EA-430D-8639-DEAAADE79C32}.AppStore|x86.Deploy.0 = Release|x86
		{C387BE9C-70EA-430D-8639-DEAAADE79C32}.Debug|Any CPU.ActiveCfg = Debug|x86
		{C387BE9C-70EA-430D-8639-DEAAADE79C32}.Debug|ARM.ActiveCfg = Debug|ARM
		{C387BE9C-70EA-430D-8639-DEAAADE79C32}.Debug|ARM.Build.0 = Debug|ARM
		{C387BE9C-70EA-430D-8639-DEAAADE79C32}.Debug|ARM.Deploy.0 = Debug|ARM
		{C387BE9C-70EA-430D-8639-DEAAADE79C32}.Debug|iPhone.ActiveCfg = Debug|x86
		{C387BE9C-70EA-430D-8639-DEAAADE79C32}.Debug|iPhoneSimulator.ActiveCfg = Debug|x86
		{C387BE9C-70EA-430D-8639-DEAAADE79C32}.Debug|x64.ActiveCfg = Debug|x64
		{C387BE9C-70EA-430D-8639-DEAAADE79C32}.Debug|x64.Build.0 = Debug|x64
		{C387BE9C-70EA-430D-8639-DEAAADE79C32}.Debug|x64.Deploy.0 = Debug|x64
		{C387BE9C-70EA-430D-8639-DEAAADE79C32}.Debug|x86.ActiveCfg = Debug|x86
		{C387BE9C-70EA-430D-8639-DEAAADE79C32}.Debug|x86.Build.0 = Debug|x86
		{C387BE9C-70EA-430D-8639-DEAAADE79C32}.Debug|x86.Deploy.0 = Debug|x86
		{C387BE9C-70EA-430D-8639-DEAAADE79C32}.Release|Any CPU.ActiveCfg = Release|x86
		{C387BE9C-70EA-430D-8639-DEAAADE79C32}.Release|ARM.ActiveCfg = Release|ARM
		{C387BE9C-70EA-430D-8639-DEAAADE79C32}.Release|ARM.Build.0 = Release|ARM
		{C387BE9C-70EA-430D-8639-DEAAADE79C32}.Release|ARM.Deploy.0 = Release|ARM
		{C387BE9C-70EA-430D-8639-DEAAADE79C32}.Release|iPhone.ActiveCfg = Release|x86
		{C387BE9C-70EA-430D-8639-DEAAADE79C32}.Release|iPhoneSimulator.ActiveCfg = Release|x86
		{C387BE9C-70EA-430D-8639-DEAAADE79C32}.Release|x64.ActiveCfg = Release|x64
		{C387BE9C-70EA-430D-8639-DEAAADE79C32}.Release|x64.Build.0 = Release|x64
		{C387BE9C-70EA-430D-8639-DEAAADE79C32}.Release|x64.Deploy.0 = Release|x64
		{C387BE9C-70EA-430D-8639-DEAAADE79C32}.Release|x86.ActiveCfg = Release|x86
		{C387BE9C-70EA-430D-8639-DEAAADE79C32}.Release|x86.Build.0 = Release|x86
		{C387BE9C-70EA-430D-8639-DEAAADE79C32}.Release|x86.Deploy.0 = Release|x86
		{A937766C-2738-4E80-BB5A-8152F982E006}.Ad-Hoc|Any CPU.ActiveCfg = Debug|Any CPU
		{A937766C-2738-4E80-BB5A-8152F982E006}.Ad-Hoc|Any CPU.Build.0 = Debug|Any CPU
		{A937766C-2738-4E80-BB5A-8152F982E006}.Ad-Hoc|ARM.ActiveCfg = Debug|Any CPU
		{A937766C-2738-4E80-BB5A-8152F982E006}.Ad-Hoc|ARM.Build.0 = Debug|Any CPU
		{A937766C-2738-4E80-BB5A-8152F982E006}.Ad-Hoc|iPhone.ActiveCfg = Debug|Any CPU
		{A937766C-2738-4E80-BB5A-8152F982E006}.Ad-Hoc|iPhone.Build.0 = Debug|Any CPU
		{A937766C-2738-4E80-BB5A-8152F982E006}.Ad-Hoc|iPhoneSimulator.ActiveCfg = Debug|Any CPU
		{A937766C-2738-4E80-BB5A-8152F982E006}.Ad-Hoc|iPhoneSimulator.Build.0 = Debug|Any CPU
		{A937766C-2738-4E80-BB5A-8152F982E006}.Ad-Hoc|x64.ActiveCfg = Debug|Any CPU
		{A937766C-2738-4E80-BB5A-8152F982E006}.Ad-Hoc|x64.Build.0 = Debug|Any CPU
		{A937766C-2738-4E80-BB5A-8152F982E006}.Ad-Hoc|x86.ActiveCfg = Debug|Any CPU
		{A937766C-2738-4E80-BB5A-8152F982E006}.Ad-Hoc|x86.Build.0 = Debug|Any CPU
		{A937766C-2738-4E80-BB5A-8152F982E006}.AppStore|Any CPU.ActiveCfg = Debug|Any CPU
		{A937766C-2738-4E80-BB5A-8152F982E006}.AppStore|Any CPU.Build.0 = Debug|Any CPU
		{A937766C-2738-4E80-BB5A-8152F982E006}.AppStore|ARM.ActiveCfg = Debug|Any CPU
		{A937766C-2738-4E80-BB5A-8152F982E006}.AppStore|ARM.Build.0 = Debug|Any CPU
		{A937766C-2738-4E80-BB5A-8152F982E006}.AppStore|iPhone.ActiveCfg = Debug|Any CPU
		{A937766C-2738-4E80-BB5A-8152F982E006}.AppStore|iPhone.Build.0 = Debug|Any CPU
		{A937766C-2738-4E80-BB5A-8152F982E006}.AppStore|iPhoneSimulator.ActiveCfg = Debug|Any CPU
		{A937766C-2738-4E80-BB5A-8152F982E006}.AppStore|iPhoneSimulator.Build.0 = Debug|Any CPU
		{A937766C-2738-4E80-BB5A-8152F982E006}.AppStore|x64.ActiveCfg = Debug|Any CPU
		{A937766C-2738-4E80-BB5A-8152F982E006}.AppStore|x64.Build.0 = Debug|Any CPU
		{A937766C-2738-4E80-BB5A-8152F982E006}.AppStore|x86.ActiveCfg = Debug|Any CPU
		{A937766C-2738-4E80-BB5A-8152F982E006}.AppStore|x86.Build.0 = Debug|Any CPU
		{A937766C-2738-4E80-BB5A-8152F982E006}.Debug|Any CPU.ActiveCfg = Debug|Any CPU
		{A937766C-2738-4E80-BB5A-8152F982E006}.Debug|Any CPU.Build.0 = Debug|Any CPU
		{A937766C-2738-4E80-BB5A-8152F982E006}.Debug|ARM.ActiveCfg = Debug|Any CPU
		{A937766C-2738-4E80-BB5A-8152F982E006}.Debug|ARM.Build.0 = Debug|Any CPU
		{A937766C-2738-4E80-BB5A-8152F982E006}.Debug|iPhone.ActiveCfg = Debug|Any CPU
		{A937766C-2738-4E80-BB5A-8152F982E006}.Debug|iPhone.Build.0 = Debug|Any CPU
		{A937766C-2738-4E80-BB5A-8152F982E006}.Debug|iPhoneSimulator.ActiveCfg = Debug|Any CPU
		{A937766C-2738-4E80-BB5A-8152F982E006}.Debug|iPhoneSimulator.Build.0 = Debug|Any CPU
		{A937766C-2738-4E80-BB5A-8152F982E006}.Debug|x64.ActiveCfg = Debug|Any CPU
		{A937766C-2738-4E80-BB5A-8152F982E006}.Debug|x64.Build.0 = Debug|Any CPU
		{A937766C-2738-4E80-BB5A-8152F982E006}.Debug|x86.ActiveCfg = Debug|Any CPU
		{A937766C-2738-4E80-BB5A-8152F982E006}.Debug|x86.Build.0 = Debug|Any CPU
		{A937766C-2738-4E80-BB5A-8152F982E006}.Release|Any CPU.ActiveCfg = Release|Any CPU
		{A937766C-2738-4E80-BB5A-8152F982E006}.Release|Any CPU.Build.0 = Release|Any CPU
		{A937766C-2738-4E80-BB5A-8152F982E006}.Release|ARM.ActiveCfg = Release|Any CPU
		{A937766C-2738-4E80-BB5A-8152F982E006}.Release|ARM.Build.0 = Release|Any CPU
		{A937766C-2738-4E80-BB5A-8152F982E006}.Release|iPhone.ActiveCfg = Release|Any CPU
		{A937766C-2738-4E80-BB5A-8152F982E006}.Release|iPhone.Build.0 = Release|Any CPU
		{A937766C-2738-4E80-BB5A-8152F982E006}.Release|iPhoneSimulator.ActiveCfg = Release|Any CPU
		{A937766C-2738-4E80-BB5A-8152F982E006}.Release|iPhoneSimulator.Build.0 = Release|Any CPU
		{A937766C-2738-4E80-BB5A-8152F982E006}.Release|x64.ActiveCfg = Release|Any CPU
		{A937766C-2738-4E80-BB5A-8152F982E006}.Release|x64.Build.0 = Release|Any CPU
		{A937766C-2738-4E80-BB5A-8152F982E006}.Release|x86.ActiveCfg = Release|Any CPU
		{A937766C-2738-4E80-BB5A-8152F982E006}.Release|x86.Build.0 = Release|Any CPU
	EndGlobalSection
	GlobalSection(SolutionProperties) = preSolution
		HideSolutionNode = FALSE
	EndGlobalSection
	GlobalSection(ExtensibilityGlobals) = postSolution
		SolutionGuid = {5F92EE1F-22EB-48AB-8883-F2DB99729FC9}
	EndGlobalSection
EndGlobal
